
Microsoft Visual Studio Solution File, Format Version 12.00
# Visual Studio 2012
Project("{8BC9CEB8-8B4A-11D0-8D11-00A0C91BC942}") = "Node comparator - 12009109", "Node comparator - 12009109\Node comparator - 12009109.vcxproj", "{67CD5412-677C-4FE3-BC8D-B9A5A9271DCD}"
EndProject
Global
	GlobalSection(SolutionConfigurationPlatforms) = preSolution
		Debug|Win32 = Debug|Win32
		Release|Win32 = Release|Win32
	EndGlobalSection
	GlobalSection(ProjectConfigurationPlatforms) = postSolution
		{67CD5412-677C-4FE3-BC8D-B9A5A9271DCD}.Debug|Win32.ActiveCfg = Debug|Win32
		{67CD5412-677C-4FE3-BC8D-B9A5A9271DCD}.Debug|Win32.Build.0 = Debug|Win32
		{67CD5412-677C-4FE3-BC8D-B9A5A9271DCD}.Release|Win32.ActiveCfg = Release|Win32
		{67CD5412-677C-4FE3-BC8D-B9A5A9271DCD}.Release|Win32.Build.0 = Release|Win32
	EndGlobalSection
	GlobalSection(SolutionProperties) = preSolution
		HideSolutionNode = FALSE
	EndGlobalSection
EndGlobal
