<?xml version="1.0" encoding="utf-8"?>
<Project ToolsVersion="4.0" xmlns="http://schemas.microsoft.com/developer/msbuild/2003">
  <ItemGroup>
    <Filter Include="Source Files">
      <UniqueIdentifier>{4FC737F1-C7A5-4376-A066-2A32D752A2FF}</UniqueIdentifier>
      <Extensions>cpp;c;cc;cxx;def;odl;idl;hpj;bat;asm;asmx</Extensions>
    </Filter>
    <Filter Include="Header Files">
      <UniqueIdentifier>{93995380-89BD-4b04-88EB-625FBE52EBFB}</UniqueIdentifier>
      <Extensions>h;hpp;hxx;hm;inl;inc;xsd</Extensions>
    </Filter>
    <Filter Include="Resource Files">
      <UniqueIdentifier>{67DA6AB6-F800-4c08-8B7A-83BB121AAD01}</UniqueIdentifier>
      <Extensions>rc;ico;cur;bmp;dlg;rc2;rct;bin;rgs;gif;jpg;jpeg;jpe;resx;tiff;tif;png;wav;mfcribbon-ms</Extensions>
    </Filter>
    <Filter Include="Header Files\binaryTree">
      <UniqueIdentifier>{79d59a98-fd0b-4bd6-93af-bae4e200bcc7}</UniqueIdentifier>
    </Filter>
    <Filter Include="Header Files\SymbolFreq">
      <UniqueIdentifier>{f5de1da7-f9f8-41d0-bf4a-4813263eabf5}</UniqueIdentifier>
    </Filter>
    <Filter Include="Header Files\Huffman Tree">
      <UniqueIdentifier>{59f6a1e6-f9d7-4f24-ae04-96f55e50c49d}</UniqueIdentifier>
    </Filter>
    <Filter Include="Source Files\Huffman Tree">
      <UniqueIdentifier>{fa5ab6c3-6003-42ab-a6fa-4b15c7019409}</UniqueIdentifier>
    </Filter>
    <Filter Include="Source Files\binaryTree">
      <UniqueIdentifier>{7d892082-696a-4cd9-8368-f2b777e452f9}</UniqueIdentifier>
    </Filter>
    <Filter Include="Source Files\SymbolFreq">
      <UniqueIdentifier>{c72e53c1-7fa7-48b1-bce6-16973cc344e0}</UniqueIdentifier>
    </Filter>
  </ItemGroup>
  <ItemGroup>
    <ClInclude Include="node.h">
      <Filter>Header Files\binaryTree</Filter>
    </ClInclude>
    <ClInclude Include="BinaryTree.h">
      <Filter>Header Files\binaryTree</Filter>
    </ClInclude>
    <ClInclude Include="SymbolFreq.h">
      <Filter>Header Files\SymbolFreq</Filter>
    </ClInclude>
    <ClInclude Include="huffmanTree.h">
      <Filter>Header Files\Huffman Tree</Filter>
    </ClInclude>
    <ClInclude Include="huffmanNode.h">
      <Filter>Header Files\Huffman Tree</Filter>
    </ClInclude>
    <ClInclude Include="nodeComparator.h">
      <Filter>Header Files\Huffman Tree</Filter>
    </ClInclude>
  </ItemGroup>
  <ItemGroup>
    <ClCompile Include="main.cpp">
      <Filter>Source Files</Filter>
    </ClCompile>
    <ClCompile Include="huffmanTree.cpp">
      <Filter>Source Files\Huffman Tree</Filter>
    </ClCompile>
    <ClCompile Include="BinaryTree.cpp">
      <Filter>Source Files\binaryTree</Filter>
    </ClCompile>
    <ClCompile Include="SymbolFreq.cpp">
      <Filter>Source Files\SymbolFreq</Filter>
    </ClCompile>
  </ItemGroup>
</Project>